// !$*UTF8*$!
{
	archiveVersion = 1;
	classes = {
	};
	objectVersion = 46;
	objects = {

/* Begin PBXBuildFile section */
		1D02628B152472AF0015BAF2 /* JSFakeRequest.m in Sources */ = {isa = PBXBuildFile; fileRef = 1D02628A152472AF0015BAF2 /* JSFakeRequest.m */; };
		1D02628F1524747F0015BAF2 /* JSChatCell.m in Sources */ = {isa = PBXBuildFile; fileRef = 1D02628E1524747F0015BAF2 /* JSChatCell.m */; };
		1D026291152474A00015BAF2 /* JSChatCell.xib in Resources */ = {isa = PBXBuildFile; fileRef = 1D026290152474A00015BAF2 /* JSChatCell.xib */; };
		1D0262961524829F0015BAF2 /* JSThirdViewController.m in Sources */ = {isa = PBXBuildFile; fileRef = 1D0262941524829F0015BAF2 /* JSThirdViewController.m */; };
		1D0262971524829F0015BAF2 /* JSThirdViewController.xib in Resources */ = {isa = PBXBuildFile; fileRef = 1D0262951524829F0015BAF2 /* JSThirdViewController.xib */; };
		1D47030A1526FFF10058C7CC /* JSBaseCoreDataTableViewController.m in Sources */ = {isa = PBXBuildFile; fileRef = 1D4703031526FFF10058C7CC /* JSBaseCoreDataTableViewController.m */; };
		1D47030B1526FFF10058C7CC /* JSBaseTableViewCell.m in Sources */ = {isa = PBXBuildFile; fileRef = 1D4703051526FFF10058C7CC /* JSBaseTableViewCell.m */; };
		1D47030C1526FFF10058C7CC /* JSBaseTableViewController.m in Sources */ = {isa = PBXBuildFile; fileRef = 1D4703071526FFF10058C7CC /* JSBaseTableViewController.m */; };
		1D47030D1526FFF10058C7CC /* JSBaseViewController.m in Sources */ = {isa = PBXBuildFile; fileRef = 1D4703091526FFF10058C7CC /* JSBaseViewController.m */; };
		1D470376152702CB0058C7CC /* TableViewPull.app in Resources */ = {isa = PBXBuildFile; fileRef = 1D470314152702CA0058C7CC /* TableViewPull.app */; };
		1D470377152702CB0058C7CC /* TableViewPull.app.dSYM in Resources */ = {isa = PBXBuildFile; fileRef = 1D470315152702CA0058C7CC /* TableViewPull.app.dSYM */; };
		1D470378152702CB0058C7CC /* build-state.dat in Resources */ = {isa = PBXBuildFile; fileRef = 1D470319152702CA0058C7CC /* build-state.dat */; };
		1D470379152702CB0058C7CC /* TableViewPull.dep in Resources */ = {isa = PBXBuildFile; fileRef = 1D47031A152702CA0058C7CC /* TableViewPull.dep */; };
		1D47037A152702CB0058C7CC /* build-state.dat in Resources */ = {isa = PBXBuildFile; fileRef = 1D47031D152702CA0058C7CC /* build-state.dat */; };
		1D47037B152702CB0058C7CC /* TableViewPull.dep in Resources */ = {isa = PBXBuildFile; fileRef = 1D47031E152702CB0058C7CC /* TableViewPull.dep */; };
		1D47037C152702CB0058C7CC /* build-state.dat in Resources */ = {isa = PBXBuildFile; fileRef = 1D470321152702CB0058C7CC /* build-state.dat */; };
		1D47037D152702CB0058C7CC /* build-state~.dat in Resources */ = {isa = PBXBuildFile; fileRef = 1D470322152702CB0058C7CC /* build-state~.dat */; };
		1D47037E152702CB0058C7CC /* EGORefreshTableHeaderView.o in Frameworks */ = {isa = PBXBuildFile; fileRef = 1D470325152702CB0058C7CC /* EGORefreshTableHeaderView.o */; };
		1D47037F152702CB0058C7CC /* main.o in Frameworks */ = {isa = PBXBuildFile; fileRef = 1D470326152702CB0058C7CC /* main.o */; };
		1D470380152702CB0058C7CC /* RootViewController.o in Frameworks */ = {isa = PBXBuildFile; fileRef = 1D470327152702CB0058C7CC /* RootViewController.o */; };
		1D470381152702CB0058C7CC /* TableViewPull.LinkFileList in Resources */ = {isa = PBXBuildFile; fileRef = 1D470328152702CB0058C7CC /* TableViewPull.LinkFileList */; };
		1D470382152702CB0058C7CC /* TableViewPullAppDelegate.o in Frameworks */ = {isa = PBXBuildFile; fileRef = 1D470329152702CB0058C7CC /* TableViewPullAppDelegate.o */; };
		1D470383152702CB0058C7CC /* TableViewPull-all-target-headers.hmap in Resources */ = {isa = PBXBuildFile; fileRef = 1D47032A152702CB0058C7CC /* TableViewPull-all-target-headers.hmap */; };
		1D470384152702CB0058C7CC /* TableViewPull-generated-files.hmap in Resources */ = {isa = PBXBuildFile; fileRef = 1D47032B152702CB0058C7CC /* TableViewPull-generated-files.hmap */; };
		1D470385152702CB0058C7CC /* TableViewPull-own-target-headers.hmap in Resources */ = {isa = PBXBuildFile; fileRef = 1D47032C152702CB0058C7CC /* TableViewPull-own-target-headers.hmap */; };
		1D470386152702CB0058C7CC /* TableViewPull-project-headers.hmap in Resources */ = {isa = PBXBuildFile; fileRef = 1D47032D152702CB0058C7CC /* TableViewPull-project-headers.hmap */; };
		1D470387152702CB0058C7CC /* TableViewPull.dep in Resources */ = {isa = PBXBuildFile; fileRef = 1D47032E152702CB0058C7CC /* TableViewPull.dep */; };
		1D470388152702CB0058C7CC /* TableViewPull.hmap in Resources */ = {isa = PBXBuildFile; fileRef = 1D47032F152702CB0058C7CC /* TableViewPull.hmap */; };
		1D470389152702CB0058C7CC /* TableViewPull~.dep in Resources */ = {isa = PBXBuildFile; fileRef = 1D470330152702CB0058C7CC /* TableViewPull~.dep */; };
		1D47038A152702CB0058C7CC /* categories.pbxbtree in Resources */ = {isa = PBXBuildFile; fileRef = 1D470332152702CB0058C7CC /* categories.pbxbtree */; };
		1D47038B152702CB0058C7CC /* cdecls.pbxbtree in Resources */ = {isa = PBXBuildFile; fileRef = 1D470333152702CB0058C7CC /* cdecls.pbxbtree */; };
		1D47038C152702CB0058C7CC /* decls.pbxbtree in Resources */ = {isa = PBXBuildFile; fileRef = 1D470334152702CB0058C7CC /* decls.pbxbtree */; };
		1D47038D152702CB0058C7CC /* files.pbxbtree in Resources */ = {isa = PBXBuildFile; fileRef = 1D470335152702CB0058C7CC /* files.pbxbtree */; };
		1D47038E152702CB0058C7CC /* imports.pbxbtree in Resources */ = {isa = PBXBuildFile; fileRef = 1D470336152702CB0058C7CC /* imports.pbxbtree */; };
		1D47038F152702CB0058C7CC /* pbxindex.header in Resources */ = {isa = PBXBuildFile; fileRef = 1D470337152702CB0058C7CC /* pbxindex.header */; };
		1D470390152702CB0058C7CC /* protocols.pbxbtree in Resources */ = {isa = PBXBuildFile; fileRef = 1D470338152702CB0058C7CC /* protocols.pbxbtree */; };
		1D470391152702CB0058C7CC /* refs.pbxbtree in Resources */ = {isa = PBXBuildFile; fileRef = 1D470339152702CB0058C7CC /* refs.pbxbtree */; };
		1D470392152702CB0058C7CC /* control in Resources */ = {isa = PBXBuildFile; fileRef = 1D47033B152702CB0058C7CC /* control */; };
		1D470393152702CB0058C7CC /* strings in Resources */ = {isa = PBXBuildFile; fileRef = 1D47033C152702CB0058C7CC /* strings */; };
		1D470394152702CB0058C7CC /* subclasses.pbxbtree in Resources */ = {isa = PBXBuildFile; fileRef = 1D47033D152702CB0058C7CC /* subclasses.pbxbtree */; };
		1D470395152702CB0058C7CC /* symbols0.pbxsymbols in Resources */ = {isa = PBXBuildFile; fileRef = 1D47033E152702CB0058C7CC /* symbols0.pbxsymbols */; };
		1D470396152702CB0058C7CC /* RootViewController.m in Sources */ = {isa = PBXBuildFile; fileRef = 1D470343152702CB0058C7CC /* RootViewController.m */; };
		1D470397152702CB0058C7CC /* TableViewPullAppDelegate.m in Sources */ = {isa = PBXBuildFile; fileRef = 1D470346152702CB0058C7CC /* TableViewPullAppDelegate.m */; };
		1D470398152702CB0058C7CC /* EGORefreshTableHeaderView.m in Sources */ = {isa = PBXBuildFile; fileRef = 1D47034A152702CB0058C7CC /* EGORefreshTableHeaderView.m */; };
		1D470399152702CB0058C7CC /* main.m in Sources */ = {isa = PBXBuildFile; fileRef = 1D47034B152702CB0058C7CC /* main.m */; };
		1D47039A152702CB0058C7CC /* blackArrow.png in Resources */ = {isa = PBXBuildFile; fileRef = 1D47034D152702CB0058C7CC /* blackArrow.png */; };
		1D47039B152702CB0058C7CC /* blackArrow@2x.png in Resources */ = {isa = PBXBuildFile; fileRef = 1D47034E152702CB0058C7CC /* blackArrow@2x.png */; };
		1D47039C152702CB0058C7CC /* blueArrow.png in Resources */ = {isa = PBXBuildFile; fileRef = 1D47034F152702CB0058C7CC /* blueArrow.png */; };
		1D47039D152702CB0058C7CC /* blueArrow@2x.png in Resources */ = {isa = PBXBuildFile; fileRef = 1D470350152702CB0058C7CC /* blueArrow@2x.png */; };
		1D47039E152702CB0058C7CC /* grayArrow.png in Resources */ = {isa = PBXBuildFile; fileRef = 1D470351152702CB0058C7CC /* grayArrow.png */; };
		1D47039F152702CB0058C7CC /* grayArrow@2x.png in Resources */ = {isa = PBXBuildFile; fileRef = 1D470352152702CB0058C7CC /* grayArrow@2x.png */; };
		1D4703A0152702CB0058C7CC /* MainWindow.xib in Resources */ = {isa = PBXBuildFile; fileRef = 1D470353152702CB0058C7CC /* MainWindow.xib */; };
		1D4703A1152702CB0058C7CC /* RootViewController.xib in Resources */ = {isa = PBXBuildFile; fileRef = 1D470354152702CB0058C7CC /* RootViewController.xib */; };
		1D4703A2152702CB0058C7CC /* TableViewPull-Info.plist in Resources */ = {isa = PBXBuildFile; fileRef = 1D470355152702CB0058C7CC /* TableViewPull-Info.plist */; };
		1D4703A3152702CB0058C7CC /* whiteArrow.png in Resources */ = {isa = PBXBuildFile; fileRef = 1D470356152702CB0058C7CC /* whiteArrow.png */; };
		1D4703A4152702CB0058C7CC /* whiteArrow@2x.png in Resources */ = {isa = PBXBuildFile; fileRef = 1D470357152702CB0058C7CC /* whiteArrow@2x.png */; };
		1D4703A5152702CB0058C7CC /* EGORefreshTableHeaderView.m in Sources */ = {isa = PBXBuildFile; fileRef = 1D470360152702CB0058C7CC /* EGORefreshTableHeaderView.m */; };
		1D4703A6152702CB0058C7CC /* blackArrow.png in Resources */ = {isa = PBXBuildFile; fileRef = 1D470362152702CB0058C7CC /* blackArrow.png */; };
		1D4703A7152702CB0058C7CC /* blackArrow@2x.png in Resources */ = {isa = PBXBuildFile; fileRef = 1D470363152702CB0058C7CC /* blackArrow@2x.png */; };
		1D4703A8152702CB0058C7CC /* blueArrow.png in Resources */ = {isa = PBXBuildFile; fileRef = 1D470364152702CB0058C7CC /* blueArrow.png */; };
		1D4703A9152702CB0058C7CC /* blueArrow@2x.png in Resources */ = {isa = PBXBuildFile; fileRef = 1D470365152702CB0058C7CC /* blueArrow@2x.png */; };
		1D4703AA152702CB0058C7CC /* grayArrow.png in Resources */ = {isa = PBXBuildFile; fileRef = 1D470366152702CB0058C7CC /* grayArrow.png */; };
		1D4703AB152702CB0058C7CC /* grayArrow@2x.png in Resources */ = {isa = PBXBuildFile; fileRef = 1D470367152702CB0058C7CC /* grayArrow@2x.png */; };
		1D4703AC152702CB0058C7CC /* whiteArrow.png in Resources */ = {isa = PBXBuildFile; fileRef = 1D470368152702CB0058C7CC /* whiteArrow.png */; };
		1D4703AD152702CB0058C7CC /* whiteArrow@2x.png in Resources */ = {isa = PBXBuildFile; fileRef = 1D470369152702CB0058C7CC /* whiteArrow@2x.png */; };
		1D4703AE152702CB0058C7CC /* README in Resources */ = {isa = PBXBuildFile; fileRef = 1D47036A152702CB0058C7CC /* README */; };
		1D4703AF152702CB0058C7CC /* .gitignore in Resources */ = {isa = PBXBuildFile; fileRef = 1D47036C152702CB0058C7CC /* .gitignore */; };
		1D4703B0152702CB0058C7CC /* JSProgressHUD.bundle in Resources */ = {isa = PBXBuildFile; fileRef = 1D47036E152702CB0058C7CC /* JSProgressHUD.bundle */; };
		1D4703B1152702CB0058C7CC /* JSProgressHUD.m in Sources */ = {isa = PBXBuildFile; fileRef = 1D470370152702CB0058C7CC /* JSProgressHUD.m */; };
		1D4703B2152702CB0058C7CC /* README.markdown in Resources */ = {isa = PBXBuildFile; fileRef = 1D470371152702CB0058C7CC /* README.markdown */; };
		1DAB9A6D152463F800D4D8E3 /* UIKit.framework in Frameworks */ = {isa = PBXBuildFile; fileRef = 1DAB9A6C152463F800D4D8E3 /* UIKit.framework */; };
		1DAB9A6F152463F800D4D8E3 /* Foundation.framework in Frameworks */ = {isa = PBXBuildFile; fileRef = 1DAB9A6E152463F800D4D8E3 /* Foundation.framework */; };
		1DAB9A71152463F800D4D8E3 /* CoreGraphics.framework in Frameworks */ = {isa = PBXBuildFile; fileRef = 1DAB9A70152463F800D4D8E3 /* CoreGraphics.framework */; };
		1DAB9A73152463F800D4D8E3 /* CoreData.framework in Frameworks */ = {isa = PBXBuildFile; fileRef = 1DAB9A72152463F800D4D8E3 /* CoreData.framework */; };
		1DAB9A79152463F800D4D8E3 /* InfoPlist.strings in Resources */ = {isa = PBXBuildFile; fileRef = 1DAB9A77152463F800D4D8E3 /* InfoPlist.strings */; };
		1DAB9A7B152463F800D4D8E3 /* main.m in Sources */ = {isa = PBXBuildFile; fileRef = 1DAB9A7A152463F800D4D8E3 /* main.m */; };
		1DAB9A7F152463F800D4D8E3 /* JSAppDelegate.m in Sources */ = {isa = PBXBuildFile; fileRef = 1DAB9A7E152463F800D4D8E3 /* JSAppDelegate.m */; };
		1DAB9A82152463F800D4D8E3 /* DataModel.xcdatamodeld in Sources */ = {isa = PBXBuildFile; fileRef = 1DAB9A80152463F800D4D8E3 /* DataModel.xcdatamodeld */; };
		1DAB9A891524646D00D4D8E3 /* QuartzCore.framework in Frameworks */ = {isa = PBXBuildFile; fileRef = 1DAB9A881524646D00D4D8E3 /* QuartzCore.framework */; };
		1DAB9B531524692200D4D8E3 /* JSFirstViewController.m in Sources */ = {isa = PBXBuildFile; fileRef = 1DAB9B511524692200D4D8E3 /* JSFirstViewController.m */; };
		1DAB9B541524692200D4D8E3 /* JSFirstViewController.xib in Resources */ = {isa = PBXBuildFile; fileRef = 1DAB9B521524692200D4D8E3 /* JSFirstViewController.xib */; };
		1DAB9B5915246FB700D4D8E3 /* JSSecondViewController.m in Sources */ = {isa = PBXBuildFile; fileRef = 1DAB9B5715246FB700D4D8E3 /* JSSecondViewController.m */; };
		1DAB9B5A15246FB700D4D8E3 /* JSSecondViewController.xib in Resources */ = {isa = PBXBuildFile; fileRef = 1DAB9B5815246FB700D4D8E3 /* JSSecondViewController.xib */; };
		1DDD9755152485DE00155F5D /* ToDo.m in Sources */ = {isa = PBXBuildFile; fileRef = 1DDD9754152485DE00155F5D /* ToDo.m */; };
		1DDD975A1524864100155F5D /* JSToDoCell.m in Sources */ = {isa = PBXBuildFile; fileRef = 1DDD97591524864100155F5D /* JSToDoCell.m */; };
		1DDD975C1524865700155F5D /* JSToDoCell.xib in Resources */ = {isa = PBXBuildFile; fileRef = 1DDD975B1524865700155F5D /* JSToDoCell.xib */; };
		1DDD9763152488E200155F5D /* icon.png in Resources */ = {isa = PBXBuildFile; fileRef = 1DDD9762152488E200155F5D /* icon.png */; };
		1DDD9765152488E900155F5D /* icon@2x.png in Resources */ = {isa = PBXBuildFile; fileRef = 1DDD9764152488E900155F5D /* icon@2x.png */; };
		1DDD976C15248A5D00155F5D /* JSCreateToDoViewController.m in Sources */ = {isa = PBXBuildFile; fileRef = 1DDD976A15248A5D00155F5D /* JSCreateToDoViewController.m */; };
		1DDD976D15248A5D00155F5D /* JSCreateToDoViewController.xib in Resources */ = {isa = PBXBuildFile; fileRef = 1DDD976B15248A5D00155F5D /* JSCreateToDoViewController.xib */; };
/* End PBXBuildFile section */

/* Begin PBXContainerItemProxy section */
		1D4703B4152702CB0058C7CC /* PBXContainerItemProxy */ = {
			isa = PBXContainerItemProxy;
			containerPortal = 1D470358152702CB0058C7CC /* TableViewPull.xcodeproj */;
			proxyType = 2;
			remoteGlobalIDString = 1D6058910D05DD3D006BFB54;
			remoteInfo = TableViewPull;
		};
/* End PBXContainerItemProxy section */

/* Begin PBXFileReference section */
		1D026289152472AF0015BAF2 /* JSFakeRequest.h */ = {isa = PBXFileReference; fileEncoding = 4; lastKnownFileType = sourcecode.c.h; name = JSFakeRequest.h; path = Model/JSFakeRequest.h; sourceTree = "<group>"; };
		1D02628A152472AF0015BAF2 /* JSFakeRequest.m */ = {isa = PBXFileReference; fileEncoding = 4; lastKnownFileType = sourcecode.c.objc; name = JSFakeRequest.m; path = Model/JSFakeRequest.m; sourceTree = "<group>"; };
		1D02628D1524747F0015BAF2 /* JSChatCell.h */ = {isa = PBXFileReference; fileEncoding = 4; lastKnownFileType = sourcecode.c.h; name = JSChatCell.h; path = Views/SecondView/ChatCell/JSChatCell.h; sourceTree = "<group>"; };
		1D02628E1524747F0015BAF2 /* JSChatCell.m */ = {isa = PBXFileReference; fileEncoding = 4; lastKnownFileType = sourcecode.c.objc; name = JSChatCell.m; path = Views/SecondView/ChatCell/JSChatCell.m; sourceTree = "<group>"; };
		1D026290152474A00015BAF2 /* JSChatCell.xib */ = {isa = PBXFileReference; fileEncoding = 4; lastKnownFileType = file.xib; name = JSChatCell.xib; path = Views/SecondView/ChatCell/JSChatCell.xib; sourceTree = "<group>"; };
		1D0262931524829F0015BAF2 /* JSThirdViewController.h */ = {isa = PBXFileReference; fileEncoding = 4; lastKnownFileType = sourcecode.c.h; name = JSThirdViewController.h; path = Views/ThirdView/JSThirdViewController.h; sourceTree = "<group>"; };
		1D0262941524829F0015BAF2 /* JSThirdViewController.m */ = {isa = PBXFileReference; fileEncoding = 4; lastKnownFileType = sourcecode.c.objc; name = JSThirdViewController.m; path = Views/ThirdView/JSThirdViewController.m; sourceTree = "<group>"; };
		1D0262951524829F0015BAF2 /* JSThirdViewController.xib */ = {isa = PBXFileReference; fileEncoding = 4; lastKnownFileType = file.xib; name = JSThirdViewController.xib; path = Views/ThirdView/JSThirdViewController.xib; sourceTree = "<group>"; };
		1D4703021526FFF10058C7CC /* JSBaseCoreDataTableViewController.h */ = {isa = PBXFileReference; fileEncoding = 4; lastKnownFileType = sourcecode.c.h; path = JSBaseCoreDataTableViewController.h; sourceTree = "<group>"; };
		1D4703031526FFF10058C7CC /* JSBaseCoreDataTableViewController.m */ = {isa = PBXFileReference; fileEncoding = 4; lastKnownFileType = sourcecode.c.objc; path = JSBaseCoreDataTableViewController.m; sourceTree = "<group>"; };
		1D4703041526FFF10058C7CC /* JSBaseTableViewCell.h */ = {isa = PBXFileReference; fileEncoding = 4; lastKnownFileType = sourcecode.c.h; path = JSBaseTableViewCell.h; sourceTree = "<group>"; };
		1D4703051526FFF10058C7CC /* JSBaseTableViewCell.m */ = {isa = PBXFileReference; fileEncoding = 4; lastKnownFileType = sourcecode.c.objc; path = JSBaseTableViewCell.m; sourceTree = "<group>"; };
		1D4703061526FFF10058C7CC /* JSBaseTableViewController.h */ = {isa = PBXFileReference; fileEncoding = 4; lastKnownFileType = sourcecode.c.h; path = JSBaseTableViewController.h; sourceTree = "<group>"; };
		1D4703071526FFF10058C7CC /* JSBaseTableViewController.m */ = {isa = PBXFileReference; fileEncoding = 4; lastKnownFileType = sourcecode.c.objc; path = JSBaseTableViewController.m; sourceTree = "<group>"; };
		1D4703081526FFF10058C7CC /* JSBaseViewController.h */ = {isa = PBXFileReference; fileEncoding = 4; lastKnownFileType = sourcecode.c.h; path = JSBaseViewController.h; sourceTree = "<group>"; };
		1D4703091526FFF10058C7CC /* JSBaseViewController.m */ = {isa = PBXFileReference; fileEncoding = 4; lastKnownFileType = sourcecode.c.objc; path = JSBaseViewController.m; sourceTree = "<group>"; };
		1D470314152702CA0058C7CC /* TableViewPull.app */ = {isa = PBXFileReference; lastKnownFileType = wrapper.application; path = TableViewPull.app; sourceTree = "<group>"; };
		1D470315152702CA0058C7CC /* TableViewPull.app.dSYM */ = {isa = PBXFileReference; lastKnownFileType = wrapper.dsym; path = TableViewPull.app.dSYM; sourceTree = "<group>"; };
		1D470319152702CA0058C7CC /* build-state.dat */ = {isa = PBXFileReference; fileEncoding = 4; lastKnownFileType = text; path = "build-state.dat"; sourceTree = "<group>"; };
		1D47031A152702CA0058C7CC /* TableViewPull.dep */ = {isa = PBXFileReference; fileEncoding = 4; lastKnownFileType = text; path = TableViewPull.dep; sourceTree = "<group>"; };
		1D47031D152702CA0058C7CC /* build-state.dat */ = {isa = PBXFileReference; fileEncoding = 4; lastKnownFileType = text; path = "build-state.dat"; sourceTree = "<group>"; };
		1D47031E152702CB0058C7CC /* TableViewPull.dep */ = {isa = PBXFileReference; fileEncoding = 4; lastKnownFileType = text; path = TableViewPull.dep; sourceTree = "<group>"; };
		1D470321152702CB0058C7CC /* build-state.dat */ = {isa = PBXFileReference; fileEncoding = 4; lastKnownFileType = text; path = "build-state.dat"; sourceTree = "<group>"; };
		1D470322152702CB0058C7CC /* build-state~.dat */ = {isa = PBXFileReference; fileEncoding = 4; lastKnownFileType = text; path = "build-state~.dat"; sourceTree = "<group>"; };
		1D470325152702CB0058C7CC /* EGORefreshTableHeaderView.o */ = {isa = PBXFileReference; lastKnownFileType = "compiled.mach-o.objfile"; path = EGORefreshTableHeaderView.o; sourceTree = "<group>"; };
		1D470326152702CB0058C7CC /* main.o */ = {isa = PBXFileReference; lastKnownFileType = "compiled.mach-o.objfile"; path = main.o; sourceTree = "<group>"; };
		1D470327152702CB0058C7CC /* RootViewController.o */ = {isa = PBXFileReference; lastKnownFileType = "compiled.mach-o.objfile"; path = RootViewController.o; sourceTree = "<group>"; };
		1D470328152702CB0058C7CC /* TableViewPull.LinkFileList */ = {isa = PBXFileReference; fileEncoding = 4; lastKnownFileType = text; path = TableViewPull.LinkFileList; sourceTree = "<group>"; };
		1D470329152702CB0058C7CC /* TableViewPullAppDelegate.o */ = {isa = PBXFileReference; lastKnownFileType = "compiled.mach-o.objfile"; path = TableViewPullAppDelegate.o; sourceTree = "<group>"; };
		1D47032A152702CB0058C7CC /* TableViewPull-all-target-headers.hmap */ = {isa = PBXFileReference; lastKnownFileType = file; path = "TableViewPull-all-target-headers.hmap"; sourceTree = "<group>"; };
		1D47032B152702CB0058C7CC /* TableViewPull-generated-files.hmap */ = {isa = PBXFileReference; lastKnownFileType = file; path = "TableViewPull-generated-files.hmap"; sourceTree = "<group>"; };
		1D47032C152702CB0058C7CC /* TableViewPull-own-target-headers.hmap */ = {isa = PBXFileReference; lastKnownFileType = file; path = "TableViewPull-own-target-headers.hmap"; sourceTree = "<group>"; };
		1D47032D152702CB0058C7CC /* TableViewPull-project-headers.hmap */ = {isa = PBXFileReference; lastKnownFileType = file; path = "TableViewPull-project-headers.hmap"; sourceTree = "<group>"; };
		1D47032E152702CB0058C7CC /* TableViewPull.dep */ = {isa = PBXFileReference; fileEncoding = 4; lastKnownFileType = text; path = TableViewPull.dep; sourceTree = "<group>"; };
		1D47032F152702CB0058C7CC /* TableViewPull.hmap */ = {isa = PBXFileReference; lastKnownFileType = file; path = TableViewPull.hmap; sourceTree = "<group>"; };
		1D470330152702CB0058C7CC /* TableViewPull~.dep */ = {isa = PBXFileReference; fileEncoding = 4; lastKnownFileType = text; path = "TableViewPull~.dep"; sourceTree = "<group>"; };
		1D470332152702CB0058C7CC /* categories.pbxbtree */ = {isa = PBXFileReference; lastKnownFileType = file; path = categories.pbxbtree; sourceTree = "<group>"; };
		1D470333152702CB0058C7CC /* cdecls.pbxbtree */ = {isa = PBXFileReference; lastKnownFileType = file; path = cdecls.pbxbtree; sourceTree = "<group>"; };
		1D470334152702CB0058C7CC /* decls.pbxbtree */ = {isa = PBXFileReference; lastKnownFileType = file; path = decls.pbxbtree; sourceTree = "<group>"; };
		1D470335152702CB0058C7CC /* files.pbxbtree */ = {isa = PBXFileReference; lastKnownFileType = file; path = files.pbxbtree; sourceTree = "<group>"; };
		1D470336152702CB0058C7CC /* imports.pbxbtree */ = {isa = PBXFileReference; lastKnownFileType = file; path = imports.pbxbtree; sourceTree = "<group>"; };
		1D470337152702CB0058C7CC /* pbxindex.header */ = {isa = PBXFileReference; lastKnownFileType = file; path = pbxindex.header; sourceTree = "<group>"; };
		1D470338152702CB0058C7CC /* protocols.pbxbtree */ = {isa = PBXFileReference; lastKnownFileType = file; path = protocols.pbxbtree; sourceTree = "<group>"; };
		1D470339152702CB0058C7CC /* refs.pbxbtree */ = {isa = PBXFileReference; lastKnownFileType = file; path = refs.pbxbtree; sourceTree = "<group>"; };
		1D47033B152702CB0058C7CC /* control */ = {isa = PBXFileReference; lastKnownFileType = file; path = control; sourceTree = "<group>"; };
		1D47033C152702CB0058C7CC /* strings */ = {isa = PBXFileReference; lastKnownFileType = file; path = strings; sourceTree = "<group>"; };
		1D47033D152702CB0058C7CC /* subclasses.pbxbtree */ = {isa = PBXFileReference; lastKnownFileType = file; path = subclasses.pbxbtree; sourceTree = "<group>"; };
		1D47033E152702CB0058C7CC /* symbols0.pbxsymbols */ = {isa = PBXFileReference; lastKnownFileType = file; path = symbols0.pbxsymbols; sourceTree = "<group>"; };
		1D470342152702CB0058C7CC /* RootViewController.h */ = {isa = PBXFileReference; fileEncoding = 4; lastKnownFileType = sourcecode.c.h; path = RootViewController.h; sourceTree = "<group>"; };
		1D470343152702CB0058C7CC /* RootViewController.m */ = {isa = PBXFileReference; fileEncoding = 4; lastKnownFileType = sourcecode.c.objc; path = RootViewController.m; sourceTree = "<group>"; };
		1D470345152702CB0058C7CC /* TableViewPullAppDelegate.h */ = {isa = PBXFileReference; fileEncoding = 4; lastKnownFileType = sourcecode.c.h; path = TableViewPullAppDelegate.h; sourceTree = "<group>"; };
		1D470346152702CB0058C7CC /* TableViewPullAppDelegate.m */ = {isa = PBXFileReference; fileEncoding = 4; lastKnownFileType = sourcecode.c.objc; path = TableViewPullAppDelegate.m; sourceTree = "<group>"; };
		1D470349152702CB0058C7CC /* EGORefreshTableHeaderView.h */ = {isa = PBXFileReference; fileEncoding = 4; lastKnownFileType = sourcecode.c.h; path = EGORefreshTableHeaderView.h; sourceTree = "<group>"; };
		1D47034A152702CB0058C7CC /* EGORefreshTableHeaderView.m */ = {isa = PBXFileReference; fileEncoding = 4; lastKnownFileType = sourcecode.c.objc; path = EGORefreshTableHeaderView.m; sourceTree = "<group>"; };
		1D47034B152702CB0058C7CC /* main.m */ = {isa = PBXFileReference; fileEncoding = 4; lastKnownFileType = sourcecode.c.objc; path = main.m; sourceTree = "<group>"; };
		1D47034D152702CB0058C7CC /* blackArrow.png */ = {isa = PBXFileReference; lastKnownFileType = image.png; path = blackArrow.png; sourceTree = "<group>"; };
		1D47034E152702CB0058C7CC /* blackArrow@2x.png */ = {isa = PBXFileReference; lastKnownFileType = image.png; path = "blackArrow@2x.png"; sourceTree = "<group>"; };
		1D47034F152702CB0058C7CC /* blueArrow.png */ = {isa = PBXFileReference; lastKnownFileType = image.png; path = blueArrow.png; sourceTree = "<group>"; };
		1D470350152702CB0058C7CC /* blueArrow@2x.png */ = {isa = PBXFileReference; lastKnownFileType = image.png; path = "blueArrow@2x.png"; sourceTree = "<group>"; };
		1D470351152702CB0058C7CC /* grayArrow.png */ = {isa = PBXFileReference; lastKnownFileType = image.png; path = grayArrow.png; sourceTree = "<group>"; };
		1D470352152702CB0058C7CC /* grayArrow@2x.png */ = {isa = PBXFileReference; lastKnownFileType = image.png; path = "grayArrow@2x.png"; sourceTree = "<group>"; };
		1D470353152702CB0058C7CC /* MainWindow.xib */ = {isa = PBXFileReference; fileEncoding = 4; lastKnownFileType = file.xib; path = MainWindow.xib; sourceTree = "<group>"; };
		1D470354152702CB0058C7CC /* RootViewController.xib */ = {isa = PBXFileReference; fileEncoding = 4; lastKnownFileType = file.xib; path = RootViewController.xib; sourceTree = "<group>"; };
		1D470355152702CB0058C7CC /* TableViewPull-Info.plist */ = {isa = PBXFileReference; fileEncoding = 4; lastKnownFileType = text.plist.xml; path = "TableViewPull-Info.plist"; sourceTree = "<group>"; };
		1D470356152702CB0058C7CC /* whiteArrow.png */ = {isa = PBXFileReference; lastKnownFileType = image.png; path = whiteArrow.png; sourceTree = "<group>"; };
		1D470357152702CB0058C7CC /* whiteArrow@2x.png */ = {isa = PBXFileReference; lastKnownFileType = image.png; path = "whiteArrow@2x.png"; sourceTree = "<group>"; };
		1D470358152702CB0058C7CC /* TableViewPull.xcodeproj */ = {isa = PBXFileReference; lastKnownFileType = "wrapper.pb-project"; path = TableViewPull.xcodeproj; sourceTree = "<group>"; };
		1D47035B152702CB0058C7CC /* TableViewPull_Prefix.pch */ = {isa = PBXFileReference; fileEncoding = 4; lastKnownFileType = sourcecode.c.h; path = TableViewPull_Prefix.pch; sourceTree = "<group>"; };
		1D47035F152702CB0058C7CC /* EGORefreshTableHeaderView.h */ = {isa = PBXFileReference; fileEncoding = 4; lastKnownFileType = sourcecode.c.h; path = EGORefreshTableHeaderView.h; sourceTree = "<group>"; };
		1D470360152702CB0058C7CC /* EGORefreshTableHeaderView.m */ = {isa = PBXFileReference; fileEncoding = 4; lastKnownFileType = sourcecode.c.objc; path = EGORefreshTableHeaderView.m; sourceTree = "<group>"; };
		1D470362152702CB0058C7CC /* blackArrow.png */ = {isa = PBXFileReference; lastKnownFileType = image.png; path = blackArrow.png; sourceTree = "<group>"; };
		1D470363152702CB0058C7CC /* blackArrow@2x.png */ = {isa = PBXFileReference; lastKnownFileType = image.png; path = "blackArrow@2x.png"; sourceTree = "<group>"; };
		1D470364152702CB0058C7CC /* blueArrow.png */ = {isa = PBXFileReference; lastKnownFileType = image.png; path = blueArrow.png; sourceTree = "<group>"; };
		1D470365152702CB0058C7CC /* blueArrow@2x.png */ = {isa = PBXFileReference; lastKnownFileType = image.png; path = "blueArrow@2x.png"; sourceTree = "<group>"; };
		1D470366152702CB0058C7CC /* grayArrow.png */ = {isa = PBXFileReference; lastKnownFileType = image.png; path = grayArrow.png; sourceTree = "<group>"; };
		1D470367152702CB0058C7CC /* grayArrow@2x.png */ = {isa = PBXFileReference; lastKnownFileType = image.png; path = "grayArrow@2x.png"; sourceTree = "<group>"; };
		1D470368152702CB0058C7CC /* whiteArrow.png */ = {isa = PBXFileReference; lastKnownFileType = image.png; path = whiteArrow.png; sourceTree = "<group>"; };
		1D470369152702CB0058C7CC /* whiteArrow@2x.png */ = {isa = PBXFileReference; lastKnownFileType = image.png; path = "whiteArrow@2x.png"; sourceTree = "<group>"; };
		1D47036A152702CB0058C7CC /* README */ = {isa = PBXFileReference; fileEncoding = 4; lastKnownFileType = text; path = README; sourceTree = "<group>"; };
		1D47036C152702CB0058C7CC /* .gitignore */ = {isa = PBXFileReference; fileEncoding = 4; lastKnownFileType = text; path = .gitignore; sourceTree = "<group>"; };
		1D47036E152702CB0058C7CC /* JSProgressHUD.bundle */ = {isa = PBXFileReference; lastKnownFileType = "wrapper.plug-in"; path = JSProgressHUD.bundle; sourceTree = "<group>"; };
		1D47036F152702CB0058C7CC /* JSProgressHUD.h */ = {isa = PBXFileReference; fileEncoding = 4; lastKnownFileType = sourcecode.c.h; path = JSProgressHUD.h; sourceTree = "<group>"; };
		1D470370152702CB0058C7CC /* JSProgressHUD.m */ = {isa = PBXFileReference; fileEncoding = 4; lastKnownFileType = sourcecode.c.objc; path = JSProgressHUD.m; sourceTree = "<group>"; };
		1D470371152702CB0058C7CC /* README.markdown */ = {isa = PBXFileReference; fileEncoding = 4; lastKnownFileType = text; path = README.markdown; sourceTree = "<group>"; };
		1DAB9A68152463F800D4D8E3 /* BaseiOSViewControllers-DemoProject.app */ = {isa = PBXFileReference; explicitFileType = wrapper.application; includeInIndex = 0; path = "BaseiOSViewControllers-DemoProject.app"; sourceTree = BUILT_PRODUCTS_DIR; };
		1DAB9A6C152463F800D4D8E3 /* UIKit.framework */ = {isa = PBXFileReference; lastKnownFileType = wrapper.framework; name = UIKit.framework; path = System/Library/Frameworks/UIKit.framework; sourceTree = SDKROOT; };
		1DAB9A6E152463F800D4D8E3 /* Foundation.framework */ = {isa = PBXFileReference; lastKnownFileType = wrapper.framework; name = Foundation.framework; path = System/Library/Frameworks/Foundation.framework; sourceTree = SDKROOT; };
		1DAB9A70152463F800D4D8E3 /* CoreGraphics.framework */ = {isa = PBXFileReference; lastKnownFileType = wrapper.framework; name = CoreGraphics.framework; path = System/Library/Frameworks/CoreGraphics.framework; sourceTree = SDKROOT; };
		1DAB9A72152463F800D4D8E3 /* CoreData.framework */ = {isa = PBXFileReference; lastKnownFileType = wrapper.framework; name = CoreData.framework; path = System/Library/Frameworks/CoreData.framework; sourceTree = SDKROOT; };
		1DAB9A76152463F800D4D8E3 /* BaseiOSViewControllers-DemoProject-Info.plist */ = {isa = PBXFileReference; lastKnownFileType = text.plist.xml; path = "BaseiOSViewControllers-DemoProject-Info.plist"; sourceTree = "<group>"; };
		1DAB9A78152463F800D4D8E3 /* en */ = {isa = PBXFileReference; lastKnownFileType = text.plist.strings; name = en; path = en.lproj/InfoPlist.strings; sourceTree = "<group>"; };
		1DAB9A7A152463F800D4D8E3 /* main.m */ = {isa = PBXFileReference; lastKnownFileType = sourcecode.c.objc; path = main.m; sourceTree = "<group>"; };
		1DAB9A7C152463F800D4D8E3 /* BaseiOSViewControllers-DemoProject-Prefix.pch */ = {isa = PBXFileReference; lastKnownFileType = sourcecode.c.h; path = "BaseiOSViewControllers-DemoProject-Prefix.pch"; sourceTree = "<group>"; };
		1DAB9A7D152463F800D4D8E3 /* JSAppDelegate.h */ = {isa = PBXFileReference; lastKnownFileType = sourcecode.c.h; path = JSAppDelegate.h; sourceTree = "<group>"; };
		1DAB9A7E152463F800D4D8E3 /* JSAppDelegate.m */ = {isa = PBXFileReference; lastKnownFileType = sourcecode.c.objc; path = JSAppDelegate.m; sourceTree = "<group>"; };
		1DAB9A81152463F800D4D8E3 /* DataModel.xcdatamodel */ = {isa = PBXFileReference; lastKnownFileType = wrapper.xcdatamodel; path = DataModel.xcdatamodel; sourceTree = "<group>"; };
		1DAB9A881524646D00D4D8E3 /* QuartzCore.framework */ = {isa = PBXFileReference; lastKnownFileType = wrapper.framework; name = QuartzCore.framework; path = System/Library/Frameworks/QuartzCore.framework; sourceTree = SDKROOT; };
		1DAB9B501524692200D4D8E3 /* JSFirstViewController.h */ = {isa = PBXFileReference; fileEncoding = 4; lastKnownFileType = sourcecode.c.h; name = JSFirstViewController.h; path = Views/FirstView/JSFirstViewController.h; sourceTree = "<group>"; };
		1DAB9B511524692200D4D8E3 /* JSFirstViewController.m */ = {isa = PBXFileReference; fileEncoding = 4; lastKnownFileType = sourcecode.c.objc; name = JSFirstViewController.m; path = Views/FirstView/JSFirstViewController.m; sourceTree = "<group>"; };
		1DAB9B521524692200D4D8E3 /* JSFirstViewController.xib */ = {isa = PBXFileReference; fileEncoding = 4; lastKnownFileType = file.xib; name = JSFirstViewController.xib; path = Views/FirstView/JSFirstViewController.xib; sourceTree = "<group>"; };
		1DAB9B5615246FB700D4D8E3 /* JSSecondViewController.h */ = {isa = PBXFileReference; fileEncoding = 4; lastKnownFileType = sourcecode.c.h; name = JSSecondViewController.h; path = Views/SecondView/JSSecondViewController.h; sourceTree = "<group>"; };
		1DAB9B5715246FB700D4D8E3 /* JSSecondViewController.m */ = {isa = PBXFileReference; fileEncoding = 4; lastKnownFileType = sourcecode.c.objc; name = JSSecondViewController.m; path = Views/SecondView/JSSecondViewController.m; sourceTree = "<group>"; };
		1DAB9B5815246FB700D4D8E3 /* JSSecondViewController.xib */ = {isa = PBXFileReference; fileEncoding = 4; lastKnownFileType = file.xib; name = JSSecondViewController.xib; path = Views/SecondView/JSSecondViewController.xib; sourceTree = "<group>"; };
		1DDD9753152485DE00155F5D /* ToDo.h */ = {isa = PBXFileReference; fileEncoding = 4; lastKnownFileType = sourcecode.c.h; name = ToDo.h; path = Model/ToDo.h; sourceTree = "<group>"; };
		1DDD9754152485DE00155F5D /* ToDo.m */ = {isa = PBXFileReference; fileEncoding = 4; lastKnownFileType = sourcecode.c.objc; name = ToDo.m; path = Model/ToDo.m; sourceTree = "<group>"; };
		1DDD97581524864100155F5D /* JSToDoCell.h */ = {isa = PBXFileReference; fileEncoding = 4; lastKnownFileType = sourcecode.c.h; name = JSToDoCell.h; path = Views/ThirdView/ToDoCell/JSToDoCell.h; sourceTree = "<group>"; };
		1DDD97591524864100155F5D /* JSToDoCell.m */ = {isa = PBXFileReference; fileEncoding = 4; lastKnownFileType = sourcecode.c.objc; name = JSToDoCell.m; path = Views/ThirdView/ToDoCell/JSToDoCell.m; sourceTree = "<group>"; };
		1DDD975B1524865700155F5D /* JSToDoCell.xib */ = {isa = PBXFileReference; fileEncoding = 4; lastKnownFileType = file.xib; name = JSToDoCell.xib; path = Views/ThirdView/ToDoCell/JSToDoCell.xib; sourceTree = "<group>"; };
		1DDD9762152488E200155F5D /* icon.png */ = {isa = PBXFileReference; lastKnownFileType = image.png; name = icon.png; path = ../icon.png; sourceTree = "<group>"; };
		1DDD9764152488E900155F5D /* icon@2x.png */ = {isa = PBXFileReference; lastKnownFileType = image.png; name = "icon@2x.png"; path = "../icon@2x.png"; sourceTree = "<group>"; };
		1DDD976915248A5D00155F5D /* JSCreateToDoViewController.h */ = {isa = PBXFileReference; fileEncoding = 4; lastKnownFileType = sourcecode.c.h; name = JSCreateToDoViewController.h; path = Views/ThirdView/CreateToDo/JSCreateToDoViewController.h; sourceTree = "<group>"; };
		1DDD976A15248A5D00155F5D /* JSCreateToDoViewController.m */ = {isa = PBXFileReference; fileEncoding = 4; lastKnownFileType = sourcecode.c.objc; name = JSCreateToDoViewController.m; path = Views/ThirdView/CreateToDo/JSCreateToDoViewController.m; sourceTree = "<group>"; };
		1DDD976B15248A5D00155F5D /* JSCreateToDoViewController.xib */ = {isa = PBXFileReference; fileEncoding = 4; lastKnownFileType = file.xib; name = JSCreateToDoViewController.xib; path = Views/ThirdView/CreateToDo/JSCreateToDoViewController.xib; sourceTree = "<group>"; };
/* End PBXFileReference section */

/* Begin PBXFrameworksBuildPhase section */
		1DAB9A65152463F800D4D8E3 /* Frameworks */ = {
			isa = PBXFrameworksBuildPhase;
			buildActionMask = 2147483647;
			files = (
				1DAB9A891524646D00D4D8E3 /* QuartzCore.framework in Frameworks */,
				1DAB9A6D152463F800D4D8E3 /* UIKit.framework in Frameworks */,
				1DAB9A6F152463F800D4D8E3 /* Foundation.framework in Frameworks */,
				1DAB9A71152463F800D4D8E3 /* CoreGraphics.framework in Frameworks */,
				1DAB9A73152463F800D4D8E3 /* CoreData.framework in Frameworks */,
				1D47037E152702CB0058C7CC /* EGORefreshTableHeaderView.o in Frameworks */,
				1D47037F152702CB0058C7CC /* main.o in Frameworks */,
				1D470380152702CB0058C7CC /* RootViewController.o in Frameworks */,
				1D470382152702CB0058C7CC /* TableViewPullAppDelegate.o in Frameworks */,
			);
			runOnlyForDeploymentPostprocessing = 0;
		};
/* End PBXFrameworksBuildPhase section */

/* Begin PBXGroup section */
		1D026287152472970015BAF2 /* Model */ = {
			isa = PBXGroup;
			children = (
				1DDD9753152485DE00155F5D /* ToDo.h */,
				1DDD9754152485DE00155F5D /* ToDo.m */,
				1D026289152472AF0015BAF2 /* JSFakeRequest.h */,
				1D02628A152472AF0015BAF2 /* JSFakeRequest.m */,
			);
			name = Model;
			sourceTree = "<group>";
		};
		1D02628C152474690015BAF2 /* ChatCell */ = {
			isa = PBXGroup;
			children = (
				1D02628D1524747F0015BAF2 /* JSChatCell.h */,
				1D02628E1524747F0015BAF2 /* JSChatCell.m */,
				1D026290152474A00015BAF2 /* JSChatCell.xib */,
			);
			name = ChatCell;
			sourceTree = "<group>";
		};
		1D026292152482820015BAF2 /* Third View */ = {
			isa = PBXGroup;
			children = (
				1D0262931524829F0015BAF2 /* JSThirdViewController.h */,
				1D0262941524829F0015BAF2 /* JSThirdViewController.m */,
				1D0262951524829F0015BAF2 /* JSThirdViewController.xib */,
				1DDD97571524862D00155F5D /* ToDoCell */,
				1DDD976E15248A6200155F5D /* CreateToDo */,
			);
			name = "Third View";
			sourceTree = "<group>";
		};
		1D4703011526FFF10058C7CC /* BaseControllers */ = {
			isa = PBXGroup;
			children = (
				1D47030E152702CA0058C7CC /* Vendor */,
				1D4703021526FFF10058C7CC /* JSBaseCoreDataTableViewController.h */,
				1D4703031526FFF10058C7CC /* JSBaseCoreDataTableViewController.m */,
				1D4703041526FFF10058C7CC /* JSBaseTableViewCell.h */,
				1D4703051526FFF10058C7CC /* JSBaseTableViewCell.m */,
				1D4703061526FFF10058C7CC /* JSBaseTableViewController.h */,
				1D4703071526FFF10058C7CC /* JSBaseTableViewController.m */,
				1D4703081526FFF10058C7CC /* JSBaseViewController.h */,
				1D4703091526FFF10058C7CC /* JSBaseViewController.m */,
			);
			name = BaseControllers;
			path = ../../BaseControllers;
			sourceTree = "<group>";
		};
		1D47030E152702CA0058C7CC /* Vendor */ = {
			isa = PBXGroup;
			children = (
				1D47030F152702CA0058C7CC /* EGOTableViewPullRefresh */,
				1D47036B152702CB0058C7CC /* JSProgressHUD */,
			);
			path = Vendor;
			sourceTree = "<group>";
		};
		1D47030F152702CA0058C7CC /* EGOTableViewPullRefresh */ = {
			isa = PBXGroup;
			children = (
				1D470310152702CA0058C7CC /* Demo */,
				1D47035C152702CB0058C7CC /* EGOTableViewPullRefresh */,
				1D47036A152702CB0058C7CC /* README */,
			);
			path = EGOTableViewPullRefresh;
			sourceTree = "<group>";
		};
		1D470310152702CA0058C7CC /* Demo */ = {
			isa = PBXGroup;
			children = (
				1D470311152702CA0058C7CC /* TableViewPull */,
			);
			path = Demo;
			sourceTree = "<group>";
		};
		1D470311152702CA0058C7CC /* TableViewPull */ = {
			isa = PBXGroup;
			children = (
				1D470312152702CA0058C7CC /* build */,
				1D47033F152702CB0058C7CC /* Classes */,
				1D47034B152702CB0058C7CC /* main.m */,
				1D47034C152702CB0058C7CC /* Resources */,
				1D470358152702CB0058C7CC /* TableViewPull.xcodeproj */,
				1D47035B152702CB0058C7CC /* TableViewPull_Prefix.pch */,
			);
			path = TableViewPull;
			sourceTree = "<group>";
		};
		1D470312152702CA0058C7CC /* build */ = {
			isa = PBXGroup;
			children = (
				1D470313152702CA0058C7CC /* Debug-iphonesimulator */,
				1D470316152702CA0058C7CC /* TableViewPull.build */,
			);
			path = build;
			sourceTree = "<group>";
		};
		1D470313152702CA0058C7CC /* Debug-iphonesimulator */ = {
			isa = PBXGroup;
			children = (
				1D470314152702CA0058C7CC /* TableViewPull.app */,
				1D470315152702CA0058C7CC /* TableViewPull.app.dSYM */,
			);
			path = "Debug-iphonesimulator";
			sourceTree = "<group>";
		};
		1D470316152702CA0058C7CC /* TableViewPull.build */ = {
			isa = PBXGroup;
			children = (
				1D470317152702CA0058C7CC /* Debug */,
				1D47031B152702CA0058C7CC /* Debug-iphoneos */,
				1D47031F152702CB0058C7CC /* Debug-iphonesimulator */,
				1D470331152702CB0058C7CC /* TableViewPull.pbxindex */,
			);
			path = TableViewPull.build;
			sourceTree = "<group>";
		};
		1D470317152702CA0058C7CC /* Debug */ = {
			isa = PBXGroup;
			children = (
				1D470318152702CA0058C7CC /* TableViewPull.build */,
			);
			path = Debug;
			sourceTree = "<group>";
		};
		1D470318152702CA0058C7CC /* TableViewPull.build */ = {
			isa = PBXGroup;
			children = (
				1D470319152702CA0058C7CC /* build-state.dat */,
				1D47031A152702CA0058C7CC /* TableViewPull.dep */,
			);
			path = TableViewPull.build;
			sourceTree = "<group>";
		};
		1D47031B152702CA0058C7CC /* Debug-iphoneos */ = {
			isa = PBXGroup;
			children = (
				1D47031C152702CA0058C7CC /* TableViewPull.build */,
			);
			path = "Debug-iphoneos";
			sourceTree = "<group>";
		};
		1D47031C152702CA0058C7CC /* TableViewPull.build */ = {
			isa = PBXGroup;
			children = (
				1D47031D152702CA0058C7CC /* build-state.dat */,
				1D47031E152702CB0058C7CC /* TableViewPull.dep */,
			);
			path = TableViewPull.build;
			sourceTree = "<group>";
		};
		1D47031F152702CB0058C7CC /* Debug-iphonesimulator */ = {
			isa = PBXGroup;
			children = (
				1D470320152702CB0058C7CC /* TableViewPull.build */,
			);
			path = "Debug-iphonesimulator";
			sourceTree = "<group>";
		};
		1D470320152702CB0058C7CC /* TableViewPull.build */ = {
			isa = PBXGroup;
			children = (
				1D470321152702CB0058C7CC /* build-state.dat */,
				1D470322152702CB0058C7CC /* build-state~.dat */,
				1D470323152702CB0058C7CC /* Objects-normal */,
				1D47032A152702CB0058C7CC /* TableViewPull-all-target-headers.hmap */,
				1D47032B152702CB0058C7CC /* TableViewPull-generated-files.hmap */,
				1D47032C152702CB0058C7CC /* TableViewPull-own-target-headers.hmap */,
				1D47032D152702CB0058C7CC /* TableViewPull-project-headers.hmap */,
				1D47032E152702CB0058C7CC /* TableViewPull.dep */,
				1D47032F152702CB0058C7CC /* TableViewPull.hmap */,
				1D470330152702CB0058C7CC /* TableViewPull~.dep */,
			);
			path = TableViewPull.build;
			sourceTree = "<group>";
		};
		1D470323152702CB0058C7CC /* Objects-normal */ = {
			isa = PBXGroup;
			children = (
				1D470324152702CB0058C7CC /* i386 */,
			);
			path = "Objects-normal";
			sourceTree = "<group>";
		};
		1D470324152702CB0058C7CC /* i386 */ = {
			isa = PBXGroup;
			children = (
				1D470325152702CB0058C7CC /* EGORefreshTableHeaderView.o */,
				1D470326152702CB0058C7CC /* main.o */,
				1D470327152702CB0058C7CC /* RootViewController.o */,
				1D470328152702CB0058C7CC /* TableViewPull.LinkFileList */,
				1D470329152702CB0058C7CC /* TableViewPullAppDelegate.o */,
			);
			path = i386;
			sourceTree = "<group>";
		};
		1D470331152702CB0058C7CC /* TableViewPull.pbxindex */ = {
			isa = PBXGroup;
			children = (
				1D470332152702CB0058C7CC /* categories.pbxbtree */,
				1D470333152702CB0058C7CC /* cdecls.pbxbtree */,
				1D470334152702CB0058C7CC /* decls.pbxbtree */,
				1D470335152702CB0058C7CC /* files.pbxbtree */,
				1D470336152702CB0058C7CC /* imports.pbxbtree */,
				1D470337152702CB0058C7CC /* pbxindex.header */,
				1D470338152702CB0058C7CC /* protocols.pbxbtree */,
				1D470339152702CB0058C7CC /* refs.pbxbtree */,
				1D47033A152702CB0058C7CC /* strings.pbxstrings */,
				1D47033D152702CB0058C7CC /* subclasses.pbxbtree */,
				1D47033E152702CB0058C7CC /* symbols0.pbxsymbols */,
			);
			path = TableViewPull.pbxindex;
			sourceTree = "<group>";
		};
		1D47033A152702CB0058C7CC /* strings.pbxstrings */ = {
			isa = PBXGroup;
			children = (
				1D47033B152702CB0058C7CC /* control */,
				1D47033C152702CB0058C7CC /* strings */,
			);
			path = strings.pbxstrings;
			sourceTree = "<group>";
		};
		1D47033F152702CB0058C7CC /* Classes */ = {
			isa = PBXGroup;
			children = (
				1D470340152702CB0058C7CC /* Controller */,
				1D470344152702CB0058C7CC /* Delegate */,
				1D470347152702CB0058C7CC /* View */,
			);
			path = Classes;
			sourceTree = "<group>";
		};
		1D470340152702CB0058C7CC /* Controller */ = {
			isa = PBXGroup;
			children = (
				1D470341152702CB0058C7CC /* RootViewController */,
			);
			path = Controller;
			sourceTree = "<group>";
		};
		1D470341152702CB0058C7CC /* RootViewController */ = {
			isa = PBXGroup;
			children = (
				1D470342152702CB0058C7CC /* RootViewController.h */,
				1D470343152702CB0058C7CC /* RootViewController.m */,
			);
			path = RootViewController;
			sourceTree = "<group>";
		};
		1D470344152702CB0058C7CC /* Delegate */ = {
			isa = PBXGroup;
			children = (
				1D470345152702CB0058C7CC /* TableViewPullAppDelegate.h */,
				1D470346152702CB0058C7CC /* TableViewPullAppDelegate.m */,
			);
			path = Delegate;
			sourceTree = "<group>";
		};
		1D470347152702CB0058C7CC /* View */ = {
			isa = PBXGroup;
			children = (
				1D470348152702CB0058C7CC /* RefreshTableHeaderView */,
			);
			path = View;
			sourceTree = "<group>";
		};
		1D470348152702CB0058C7CC /* RefreshTableHeaderView */ = {
			isa = PBXGroup;
			children = (
				1D470349152702CB0058C7CC /* EGORefreshTableHeaderView.h */,
				1D47034A152702CB0058C7CC /* EGORefreshTableHeaderView.m */,
			);
			path = RefreshTableHeaderView;
			sourceTree = "<group>";
		};
		1D47034C152702CB0058C7CC /* Resources */ = {
			isa = PBXGroup;
			children = (
				1D47034D152702CB0058C7CC /* blackArrow.png */,
				1D47034E152702CB0058C7CC /* blackArrow@2x.png */,
				1D47034F152702CB0058C7CC /* blueArrow.png */,
				1D470350152702CB0058C7CC /* blueArrow@2x.png */,
				1D470351152702CB0058C7CC /* grayArrow.png */,
				1D470352152702CB0058C7CC /* grayArrow@2x.png */,
				1D470353152702CB0058C7CC /* MainWindow.xib */,
				1D470354152702CB0058C7CC /* RootViewController.xib */,
				1D470355152702CB0058C7CC /* TableViewPull-Info.plist */,
				1D470356152702CB0058C7CC /* whiteArrow.png */,
				1D470357152702CB0058C7CC /* whiteArrow@2x.png */,
			);
			path = Resources;
			sourceTree = "<group>";
		};
		1D470359152702CB0058C7CC /* Products */ = {
			isa = PBXGroup;
			children = (
				1D4703B5152702CB0058C7CC /* TableViewPull.app */,
			);
			name = Products;
			sourceTree = "<group>";
		};
		1D47035C152702CB0058C7CC /* EGOTableViewPullRefresh */ = {
			isa = PBXGroup;
			children = (
				1D47035D152702CB0058C7CC /* Classes */,
				1D470361152702CB0058C7CC /* Resources */,
			);
			path = EGOTableViewPullRefresh;
			sourceTree = "<group>";
		};
		1D47035D152702CB0058C7CC /* Classes */ = {
			isa = PBXGroup;
			children = (
				1D47035E152702CB0058C7CC /* View */,
			);
			path = Classes;
			sourceTree = "<group>";
		};
		1D47035E152702CB0058C7CC /* View */ = {
			isa = PBXGroup;
			children = (
				1D47035F152702CB0058C7CC /* EGORefreshTableHeaderView.h */,
				1D470360152702CB0058C7CC /* EGORefreshTableHeaderView.m */,
			);
			path = View;
			sourceTree = "<group>";
		};
		1D470361152702CB0058C7CC /* Resources */ = {
			isa = PBXGroup;
			children = (
				1D470362152702CB0058C7CC /* blackArrow.png */,
				1D470363152702CB0058C7CC /* blackArrow@2x.png */,
				1D470364152702CB0058C7CC /* blueArrow.png */,
				1D470365152702CB0058C7CC /* blueArrow@2x.png */,
				1D470366152702CB0058C7CC /* grayArrow.png */,
				1D470367152702CB0058C7CC /* grayArrow@2x.png */,
				1D470368152702CB0058C7CC /* whiteArrow.png */,
				1D470369152702CB0058C7CC /* whiteArrow@2x.png */,
			);
			path = Resources;
			sourceTree = "<group>";
		};
		1D47036B152702CB0058C7CC /* JSProgressHUD */ = {
			isa = PBXGroup;
			children = (
				1D47036C152702CB0058C7CC /* .gitignore */,
				1D47036D152702CB0058C7CC /* JSProgressHUD */,
				1D470371152702CB0058C7CC /* README.markdown */,
			);
			path = JSProgressHUD;
			sourceTree = "<group>";
		};
		1D47036D152702CB0058C7CC /* JSProgressHUD */ = {
			isa = PBXGroup;
			children = (
				1D47036E152702CB0058C7CC /* JSProgressHUD.bundle */,
				1D47036F152702CB0058C7CC /* JSProgressHUD.h */,
				1D470370152702CB0058C7CC /* JSProgressHUD.m */,
			);
			path = JSProgressHUD;
			sourceTree = "<group>";
		};
		1DAB9A5D152463F800D4D8E3 = {
			isa = PBXGroup;
			children = (
				1DAB9A74152463F800D4D8E3 /* BaseiOSViewControllers-DemoProject */,
				1DAB9A6B152463F800D4D8E3 /* Frameworks */,
				1DAB9A69152463F800D4D8E3 /* Products */,
			);
			sourceTree = "<group>";
		};
		1DAB9A69152463F800D4D8E3 /* Products */ = {
			isa = PBXGroup;
			children = (
				1DAB9A68152463F800D4D8E3 /* BaseiOSViewControllers-DemoProject.app */,
			);
			name = Products;
			sourceTree = "<group>";
		};
		1DAB9A6B152463F800D4D8E3 /* Frameworks */ = {
			isa = PBXGroup;
			children = (
				1DAB9A881524646D00D4D8E3 /* QuartzCore.framework */,
				1DAB9A6C152463F800D4D8E3 /* UIKit.framework */,
				1DAB9A6E152463F800D4D8E3 /* Foundation.framework */,
				1DAB9A70152463F800D4D8E3 /* CoreGraphics.framework */,
				1DAB9A72152463F800D4D8E3 /* CoreData.framework */,
			);
			name = Frameworks;
			sourceTree = "<group>";
		};
		1DAB9A74152463F800D4D8E3 /* BaseiOSViewControllers-DemoProject */ = {
			isa = PBXGroup;
			children = (
				1DAB9A7D152463F800D4D8E3 /* JSAppDelegate.h */,
				1DAB9A7E152463F800D4D8E3 /* JSAppDelegate.m */,
				1DAB9A80152463F800D4D8E3 /* DataModel.xcdatamodeld */,
				1D4703011526FFF10058C7CC /* BaseControllers */,
				1DAB9B4E152468F900D4D8E3 /* Views */,
				1D026287152472970015BAF2 /* Model */,
				1DAB9A75152463F800D4D8E3 /* Supporting Files */,
			);
			path = "BaseiOSViewControllers-DemoProject";
			sourceTree = "<group>";
		};
		1DAB9A75152463F800D4D8E3 /* Supporting Files */ = {
			isa = PBXGroup;
			children = (
				1DDD975D1524888500155F5D /* Resources */,
				1DAB9A76152463F800D4D8E3 /* BaseiOSViewControllers-DemoProject-Info.plist */,
				1DAB9A77152463F800D4D8E3 /* InfoPlist.strings */,
				1DAB9A7A152463F800D4D8E3 /* main.m */,
				1DAB9A7C152463F800D4D8E3 /* BaseiOSViewControllers-DemoProject-Prefix.pch */,
			);
			name = "Supporting Files";
			sourceTree = "<group>";
		};
		1DAB9B4E152468F900D4D8E3 /* Views */ = {
			isa = PBXGroup;
			children = (
				1DAB9B4F1524690100D4D8E3 /* First View */,
				1DAB9B5515246F9600D4D8E3 /* Second View */,
				1D026292152482820015BAF2 /* Third View */,
			);
			name = Views;
			sourceTree = "<group>";
		};
		1DAB9B4F1524690100D4D8E3 /* First View */ = {
			isa = PBXGroup;
			children = (
				1DAB9B501524692200D4D8E3 /* JSFirstViewController.h */,
				1DAB9B511524692200D4D8E3 /* JSFirstViewController.m */,
				1DAB9B521524692200D4D8E3 /* JSFirstViewController.xib */,
			);
			name = "First View";
			sourceTree = "<group>";
		};
		1DAB9B5515246F9600D4D8E3 /* Second View */ = {
			isa = PBXGroup;
			children = (
				1DAB9B5615246FB700D4D8E3 /* JSSecondViewController.h */,
				1DAB9B5715246FB700D4D8E3 /* JSSecondViewController.m */,
				1DAB9B5815246FB700D4D8E3 /* JSSecondViewController.xib */,
				1D02628C152474690015BAF2 /* ChatCell */,
			);
			name = "Second View";
			sourceTree = "<group>";
		};
		1DDD97571524862D00155F5D /* ToDoCell */ = {
			isa = PBXGroup;
			children = (
				1DDD97581524864100155F5D /* JSToDoCell.h */,
				1DDD97591524864100155F5D /* JSToDoCell.m */,
				1DDD975B1524865700155F5D /* JSToDoCell.xib */,
			);
			name = ToDoCell;
			sourceTree = "<group>";
		};
		1DDD975D1524888500155F5D /* Resources */ = {
			isa = PBXGroup;
			children = (
				1DDD9764152488E900155F5D /* icon@2x.png */,
				1DDD9762152488E200155F5D /* icon.png */,
			);
			name = Resources;
			sourceTree = "<group>";
		};
		1DDD976E15248A6200155F5D /* CreateToDo */ = {
			isa = PBXGroup;
			children = (
				1DDD976915248A5D00155F5D /* JSCreateToDoViewController.h */,
				1DDD976A15248A5D00155F5D /* JSCreateToDoViewController.m */,
				1DDD976B15248A5D00155F5D /* JSCreateToDoViewController.xib */,
			);
			name = CreateToDo;
			sourceTree = "<group>";
		};
/* End PBXGroup section */

/* Begin PBXNativeTarget section */
		1DAB9A67152463F800D4D8E3 /* BaseiOSViewControllers-DemoProject */ = {
			isa = PBXNativeTarget;
			buildConfigurationList = 1DAB9A85152463F800D4D8E3 /* Build configuration list for PBXNativeTarget "BaseiOSViewControllers-DemoProject" */;
			buildPhases = (
				1DAB9A64152463F800D4D8E3 /* Sources */,
				1DAB9A65152463F800D4D8E3 /* Frameworks */,
				1DAB9A66152463F800D4D8E3 /* Resources */,
			);
			buildRules = (
			);
			dependencies = (
			);
			name = "BaseiOSViewControllers-DemoProject";
			productName = "BaseiOSViewControllers-DemoProject";
			productReference = 1DAB9A68152463F800D4D8E3 /* BaseiOSViewControllers-DemoProject.app */;
			productType = "com.apple.product-type.application";
		};
/* End PBXNativeTarget section */

/* Begin PBXProject section */
		1DAB9A5F152463F800D4D8E3 /* Project object */ = {
			isa = PBXProject;
			attributes = {
				CLASSPREFIX = JS;
				LastUpgradeCheck = 0440;
			};
			buildConfigurationList = 1DAB9A62152463F800D4D8E3 /* Build configuration list for PBXProject "BaseiOSViewControllers-DemoProject" */;
			compatibilityVersion = "Xcode 3.2";
			developmentRegion = English;
			hasScannedForEncodings = 0;
			knownRegions = (
				en,
			);
			mainGroup = 1DAB9A5D152463F800D4D8E3;
			productRefGroup = 1DAB9A69152463F800D4D8E3 /* Products */;
			projectDirPath = "";
			projectReferences = (
				{
					ProductGroup = 1D470359152702CB0058C7CC /* Products */;
					ProjectRef = 1D470358152702CB0058C7CC /* TableViewPull.xcodeproj */;
				},
			);
			projectRoot = "";
			targets = (
				1DAB9A67152463F800D4D8E3 /* BaseiOSViewControllers-DemoProject */,
			);
		};
/* End PBXProject section */

/* Begin PBXReferenceProxy section */
		1D4703B5152702CB0058C7CC /* TableViewPull.app */ = {
			isa = PBXReferenceProxy;
			fileType = wrapper.application;
			path = TableViewPull.app;
			remoteRef = 1D4703B4152702CB0058C7CC /* PBXContainerItemProxy */;
			sourceTree = BUILT_PRODUCTS_DIR;
		};
/* End PBXReferenceProxy section */

/* Begin PBXResourcesBuildPhase section */
		1DAB9A66152463F800D4D8E3 /* Resources */ = {
			isa = PBXResourcesBuildPhase;
			buildActionMask = 2147483647;
			files = (
				1DAB9A79152463F800D4D8E3 /* InfoPlist.strings in Resources */,
				1DAB9B541524692200D4D8E3 /* JSFirstViewController.xib in Resources */,
				1DAB9B5A15246FB700D4D8E3 /* JSSecondViewController.xib in Resources */,
				1D026291152474A00015BAF2 /* JSChatCell.xib in Resources */,
				1D0262971524829F0015BAF2 /* JSThirdViewController.xib in Resources */,
				1DDD975C1524865700155F5D /* JSToDoCell.xib in Resources */,
				1DDD9763152488E200155F5D /* icon.png in Resources */,
				1DDD9765152488E900155F5D /* icon@2x.png in Resources */,
				1DDD976D15248A5D00155F5D /* JSCreateToDoViewController.xib in Resources */,
				1D470376152702CB0058C7CC /* TableViewPull.app in Resources */,
				1D470377152702CB0058C7CC /* TableViewPull.app.dSYM in Resources */,
				1D470378152702CB0058C7CC /* build-state.dat in Resources */,
				1D470379152702CB0058C7CC /* TableViewPull.dep in Resources */,
				1D47037A152702CB0058C7CC /* build-state.dat in Resources */,
				1D47037B152702CB0058C7CC /* TableViewPull.dep in Resources */,
				1D47037C152702CB0058C7CC /* build-state.dat in Resources */,
				1D47037D152702CB0058C7CC /* build-state~.dat in Resources */,
				1D470381152702CB0058C7CC /* TableViewPull.LinkFileList in Resources */,
				1D470383152702CB0058C7CC /* TableViewPull-all-target-headers.hmap in Resources */,
				1D470384152702CB0058C7CC /* TableViewPull-generated-files.hmap in Resources */,
				1D470385152702CB0058C7CC /* TableViewPull-own-target-headers.hmap in Resources */,
				1D470386152702CB0058C7CC /* TableViewPull-project-headers.hmap in Resources */,
				1D470387152702CB0058C7CC /* TableViewPull.dep in Resources */,
				1D470388152702CB0058C7CC /* TableViewPull.hmap in Resources */,
				1D470389152702CB0058C7CC /* TableViewPull~.dep in Resources */,
				1D47038A152702CB0058C7CC /* categories.pbxbtree in Resources */,
				1D47038B152702CB0058C7CC /* cdecls.pbxbtree in Resources */,
				1D47038C152702CB0058C7CC /* decls.pbxbtree in Resources */,
				1D47038D152702CB0058C7CC /* files.pbxbtree in Resources */,
				1D47038E152702CB0058C7CC /* imports.pbxbtree in Resources */,
				1D47038F152702CB0058C7CC /* pbxindex.header in Resources */,
				1D470390152702CB0058C7CC /* protocols.pbxbtree in Resources */,
				1D470391152702CB0058C7CC /* refs.pbxbtree in Resources */,
				1D470392152702CB0058C7CC /* control in Resources */,
				1D470393152702CB0058C7CC /* strings in Resources */,
				1D470394152702CB0058C7CC /* subclasses.pbxbtree in Resources */,
				1D470395152702CB0058C7CC /* symbols0.pbxsymbols in Resources */,
				1D47039A152702CB0058C7CC /* blackArrow.png in Resources */,
				1D47039B152702CB0058C7CC /* blackArrow@2x.png in Resources */,
				1D47039C152702CB0058C7CC /* blueArrow.png in Resources */,
				1D47039D152702CB0058C7CC /* blueArrow@2x.png in Resources */,
				1D47039E152702CB0058C7CC /* grayArrow.png in Resources */,
				1D47039F152702CB0058C7CC /* grayArrow@2x.png in Resources */,
				1D4703A0152702CB0058C7CC /* MainWindow.xib in Resources */,
				1D4703A1152702CB0058C7CC /* RootViewController.xib in Resources */,
				1D4703A2152702CB0058C7CC /* TableViewPull-Info.plist in Resources */,
				1D4703A3152702CB0058C7CC /* whiteArrow.png in Resources */,
				1D4703A4152702CB0058C7CC /* whiteArrow@2x.png in Resources */,
				1D4703A6152702CB0058C7CC /* blackArrow.png in Resources */,
				1D4703A7152702CB0058C7CC /* blackArrow@2x.png in Resources */,
				1D4703A8152702CB0058C7CC /* blueArrow.png in Resources */,
				1D4703A9152702CB0058C7CC /* blueArrow@2x.png in Resources */,
				1D4703AA152702CB0058C7CC /* grayArrow.png in Resources */,
				1D4703AB152702CB0058C7CC /* grayArrow@2x.png in Resources */,
				1D4703AC152702CB0058C7CC /* whiteArrow.png in Resources */,
				1D4703AD152702CB0058C7CC /* whiteArrow@2x.png in Resources */,
				1D4703AE152702CB0058C7CC /* README in Resources */,
				1D4703AF152702CB0058C7CC /* .gitignore in Resources */,
				1D4703B0152702CB0058C7CC /* JSProgressHUD.bundle in Resources */,
				1D4703B2152702CB0058C7CC /* README.markdown in Resources */,
			);
			runOnlyForDeploymentPostprocessing = 0;
		};
/* End PBXResourcesBuildPhase section */

/* Begin PBXSourcesBuildPhase section */
		1DAB9A64152463F800D4D8E3 /* Sources */ = {
			isa = PBXSourcesBuildPhase;
			buildActionMask = 2147483647;
			files = (
				1DAB9A7B152463F800D4D8E3 /* main.m in Sources */,
				1DAB9A7F152463F800D4D8E3 /* JSAppDelegate.m in Sources */,
				1DAB9A82152463F800D4D8E3 /* DataModel.xcdatamodeld in Sources */,
				1DAB9B531524692200D4D8E3 /* JSFirstViewController.m in Sources */,
				1DAB9B5915246FB700D4D8E3 /* JSSecondViewController.m in Sources */,
				1D02628B152472AF0015BAF2 /* JSFakeRequest.m in Sources */,
				1D02628F1524747F0015BAF2 /* JSChatCell.m in Sources */,
				1D0262961524829F0015BAF2 /* JSThirdViewController.m in Sources */,
				1DDD9755152485DE00155F5D /* ToDo.m in Sources */,
				1DDD975A1524864100155F5D /* JSToDoCell.m in Sources */,
				1DDD976C15248A5D00155F5D /* JSCreateToDoViewController.m in Sources */,
				1D47030A1526FFF10058C7CC /* JSBaseCoreDataTableViewController.m in Sources */,
				1D47030B1526FFF10058C7CC /* JSBaseTableViewCell.m in Sources */,
				1D47030C1526FFF10058C7CC /* JSBaseTableViewController.m in Sources */,
				1D47030D1526FFF10058C7CC /* JSBaseViewController.m in Sources */,
				1D470396152702CB0058C7CC /* RootViewController.m in Sources */,
				1D470397152702CB0058C7CC /* TableViewPullAppDelegate.m in Sources */,
				1D470398152702CB0058C7CC /* EGORefreshTableHeaderView.m in Sources */,
				1D470399152702CB0058C7CC /* main.m in Sources */,
				1D4703A5152702CB0058C7CC /* EGORefreshTableHeaderView.m in Sources */,
				1D4703B1152702CB0058C7CC /* JSProgressHUD.m in Sources */,
			);
			runOnlyForDeploymentPostprocessing = 0;
		};
/* End PBXSourcesBuildPhase section */

/* Begin PBXVariantGroup section */
		1DAB9A77152463F800D4D8E3 /* InfoPlist.strings */ = {
			isa = PBXVariantGroup;
			children = (
				1DAB9A78152463F800D4D8E3 /* en */,
			);
			name = InfoPlist.strings;
			sourceTree = "<group>";
		};
/* End PBXVariantGroup section */

/* Begin XCBuildConfiguration section */
		1DAB9A83152463F800D4D8E3 /* Debug */ = {
			isa = XCBuildConfiguration;
			buildSettings = {
				ALWAYS_SEARCH_USER_PATHS = NO;
				ARCHS = "$(ARCHS_STANDARD_32_BIT)";
				CLANG_WARN__DUPLICATE_METHOD_MATCH = YES;
				"CODE_SIGN_IDENTITY[sdk=iphoneos*]" = "iPhone Developer";
				COPY_PHASE_STRIP = NO;
				GCC_C_LANGUAGE_STANDARD = gnu99;
				GCC_DYNAMIC_NO_PIC = NO;
				GCC_OPTIMIZATION_LEVEL = 0;
				GCC_PREPROCESSOR_DEFINITIONS = (
					"DEBUG=1",
					"$(inherited)",
				);
				GCC_SYMBOLS_PRIVATE_EXTERN = NO;
				GCC_VERSION = com.apple.compilers.llvm.clang.1_0;
				GCC_WARN_ABOUT_RETURN_TYPE = YES;
				GCC_WARN_UNINITIALIZED_AUTOS = YES;
				GCC_WARN_UNUSED_VARIABLE = YES;
				IPHONEOS_DEPLOYMENT_TARGET = 5.1;
				SDKROOT = iphoneos;
			};
			name = Debug;
		};
		1DAB9A84152463F800D4D8E3 /* Release */ = {
			isa = XCBuildConfiguration;
			buildSettings = {
				ALWAYS_SEARCH_USER_PATHS = NO;
				ARCHS = "$(ARCHS_STANDARD_32_BIT)";
				CLANG_WARN__DUPLICATE_METHOD_MATCH = YES;
				"CODE_SIGN_IDENTITY[sdk=iphoneos*]" = "iPhone Developer";
				COPY_PHASE_STRIP = YES;
				GCC_C_LANGUAGE_STANDARD = gnu99;
				GCC_VERSION = com.apple.compilers.llvm.clang.1_0;
				GCC_WARN_ABOUT_RETURN_TYPE = YES;
				GCC_WARN_UNINITIALIZED_AUTOS = YES;
				GCC_WARN_UNUSED_VARIABLE = YES;
				IPHONEOS_DEPLOYMENT_TARGET = 5.1;
				OTHER_CFLAGS = "-DNS_BLOCK_ASSERTIONS=1";
				SDKROOT = iphoneos;
				VALIDATE_PRODUCT = YES;
			};
			name = Release;
		};
		1DAB9A86152463F800D4D8E3 /* Debug */ = {
			isa = XCBuildConfiguration;
			buildSettings = {
				GCC_PRECOMPILE_PREFIX_HEADER = YES;
				GCC_PREFIX_HEADER = "BaseiOSViewControllers-DemoProject/BaseiOSViewControllers-DemoProject-Prefix.pch";
				INFOPLIST_FILE = "BaseiOSViewControllers-DemoProject/BaseiOSViewControllers-DemoProject-Info.plist";
				IPHONEOS_DEPLOYMENT_TARGET = 4.0;
				PRODUCT_NAME = "$(TARGET_NAME)";
				WRAPPER_EXTENSION = app;
			};
			name = Debug;
		};
		1DAB9A87152463F800D4D8E3 /* Release */ = {
			isa = XCBuildConfiguration;
			buildSettings = {
				GCC_PRECOMPILE_PREFIX_HEADER = YES;
				GCC_PREFIX_HEADER = "BaseiOSViewControllers-DemoProject/BaseiOSViewControllers-DemoProject-Prefix.pch";
				INFOPLIST_FILE = "BaseiOSViewControllers-DemoProject/BaseiOSViewControllers-DemoProject-Info.plist";
				IPHONEOS_DEPLOYMENT_TARGET = 4.0;
				PRODUCT_NAME = "$(TARGET_NAME)";
				WRAPPER_EXTENSION = app;
			};
			name = Release;
		};
/* End XCBuildConfiguration section */

/* Begin XCConfigurationList section */
		1DAB9A62152463F800D4D8E3 /* Build configuration list for PBXProject "BaseiOSViewControllers-DemoProject" */ = {
			isa = XCConfigurationList;
			buildConfigurations = (
				1DAB9A83152463F800D4D8E3 /* Debug */,
				1DAB9A84152463F800D4D8E3 /* Release */,
			);
			defaultConfigurationIsVisible = 0;
			defaultConfigurationName = Release;
		};
		1DAB9A85152463F800D4D8E3 /* Build configuration list for PBXNativeTarget "BaseiOSViewControllers-DemoProject" */ = {
			isa = XCConfigurationList;
			buildConfigurations = (
				1DAB9A86152463F800D4D8E3 /* Debug */,
				1DAB9A87152463F800D4D8E3 /* Release */,
			);
			defaultConfigurationIsVisible = 0;
			defaultConfigurationName = Release;
		};
/* End XCConfigurationList section */

/* Begin XCVersionGroup section */
		1DAB9A80152463F800D4D8E3 /* DataModel.xcdatamodeld */ = {
			isa = XCVersionGroup;
			children = (
				1DAB9A81152463F800D4D8E3 /* DataModel.xcdatamodel */,
			);
			currentVersion = 1DAB9A81152463F800D4D8E3 /* DataModel.xcdatamodel */;
			path = DataModel.xcdatamodeld;
			sourceTree = "<group>";
			versionGroupType = wrapper.xcdatamodel;
		};
/* End XCVersionGroup section */
	};
	rootObject = 1DAB9A5F152463F800D4D8E3 /* Project object */;
}
